
Microsoft Visual Studio Solution File, Format Version 12.00
# Visual Studio Version 17
VisualStudioVersion = 17.0.31912.275
MinimumVisualStudioVersion = 10.0.40219.1
Project("{9A19103F-16F7-4668-BE54-9A1E7A4F7556}") = "StartMenuCleaner", "src\StartMenuCleaner\StartMenuCleaner.csproj", "{6CBCEBBC-2E32-42D5-A196-09D845B9E94C}"
EndProject
Project("{2150E333-8FDC-42A3-9474-1A3956D46DE8}") = "SolutionItems", "SolutionItems", "{F8DC31AE-7197-41C7-964C-B53490AD3C17}"
	ProjectSection(SolutionItems) = preProject
		.editorconfig = .editorconfig
		.gitattributes = .gitattributes
		.gitignore = .gitignore
		Directory.Build.props = Directory.Build.props
		Directory.Build.targets = Directory.Build.targets
		global.json = global.json
		Packages.props = Packages.props
		README.md = README.md
		version.json = version.json
	EndProjectSection
EndProject
Project("{FAE04EC0-301F-11D3-BF4B-00C04F79EFBC}") = "StartMenuCleaner.Tests", "src\StartMenuCleaner.Tests\StartMenuCleaner.Tests.csproj", "{19BEE0A5-210E-48C2-9E19-E39D85801BD8}"
EndProject
Project("{FAE04EC0-301F-11D3-BF4B-00C04F79EFBC}") = "StartMenuCleaner.TestLibrary", "src\StartMenuCleaner.TestLibrary\StartMenuCleaner.TestLibrary.csproj", "{91569E43-1057-4E59-9C0E-C0C260E703EF}"
EndProject
Global
	GlobalSection(SolutionConfigurationPlatforms) = preSolution
		Debug|Any CPU = Debug|Any CPU
		Release|Any CPU = Release|Any CPU
	EndGlobalSection
	GlobalSection(ProjectConfigurationPlatforms) = postSolution
		{6CBCEBBC-2E32-42D5-A196-09D845B9E94C}.Debug|Any CPU.ActiveCfg = Debug|Any CPU
		{6CBCEBBC-2E32-42D5-A196-09D845B9E94C}.Debug|Any CPU.Build.0 = Debug|Any CPU
		{6CBCEBBC-2E32-42D5-A196-09D845B9E94C}.Release|Any CPU.ActiveCfg = Release|Any CPU
		{6CBCEBBC-2E32-42D5-A196-09D845B9E94C}.Release|Any CPU.Build.0 = Release|Any CPU
		{19BEE0A5-210E-48C2-9E19-E39D85801BD8}.Debug|Any CPU.ActiveCfg = Debug|Any CPU
		{19BEE0A5-210E-48C2-9E19-E39D85801BD8}.Debug|Any CPU.Build.0 = Debug|Any CPU
		{19BEE0A5-210E-48C2-9E19-E39D85801BD8}.Release|Any CPU.ActiveCfg = Release|Any CPU
		{19BEE0A5-210E-48C2-9E19-E39D85801BD8}.Release|Any CPU.Build.0 = Release|Any CPU
		{91569E43-1057-4E59-9C0E-C0C260E703EF}.Debug|Any CPU.ActiveCfg = Debug|Any CPU
		{91569E43-1057-4E59-9C0E-C0C260E703EF}.Debug|Any CPU.Build.0 = Debug|Any CPU
		{91569E43-1057-4E59-9C0E-C0C260E703EF}.Release|Any CPU.ActiveCfg = Release|Any CPU
		{91569E43-1057-4E59-9C0E-C0C260E703EF}.Release|Any CPU.Build.0 = Release|Any CPU
	EndGlobalSection
	GlobalSection(SolutionProperties) = preSolution
		HideSolutionNode = FALSE
	EndGlobalSection
	GlobalSection(ExtensibilityGlobals) = postSolution
		SolutionGuid = {C5B1C2E0-2E05-4F10-9BF5-12B79BA074F2}
	EndGlobalSection
EndGlobal
